
Microsoft Visual Studio Solution File, Format Version 12.00
# Visual Studio Version 17
VisualStudioVersion = 17.9.34622.214
MinimumVisualStudioVersion = 10.0.40219.1
Project("{FAE04EC0-301F-11D3-BF4B-00C04F79EFBC}") = "Calculator", "Calculator\Calculator.csproj", "{1A683449-5FEC-4430-A55D-7BB2EBD9E227}"
EndProject
Global
	GlobalSection(SolutionConfigurationPlatforms) = preSolution
		Debug|Any CPU = Debug|Any CPU
		Release|Any CPU = Release|Any CPU
	EndGlobalSection
	GlobalSection(ProjectConfigurationPlatforms) = postSolution
		{1A683449-5FEC-4430-A55D-7BB2EBD9E227}.Debug|Any CPU.ActiveCfg = Debug|Any CPU
		{1A683449-5FEC-4430-A55D-7BB2EBD9E227}.Debug|Any CPU.Build.0 = Debug|Any CPU
		{1A683449-5FEC-4430-A55D-7BB2EBD9E227}.Release|Any CPU.ActiveCfg = Release|Any CPU
		{1A683449-5FEC-4430-A55D-7BB2EBD9E227}.Release|Any CPU.Build.0 = Release|Any CPU
	EndGlobalSection
	GlobalSection(SolutionProperties) = preSolution
		HideSolutionNode = FALSE
	EndGlobalSection
	GlobalSection(ExtensibilityGlobals) = postSolution
		SolutionGuid = {BCAF63A1-7066-4C26-A8EE-C02BC1B6F588}
	EndGlobalSection
EndGlobal
